
Microsoft Visual Studio Solution File, Format Version 12.00
Project("{FAE04EC0-301F-11D3-BF4B-00C04F79EFBC}") = "NotesWithTags.API", "NotesWithTags.API\NotesWithTags.API.csproj", "{F5177FF8-CA43-4AA4-A62C-37849D2BA2DB}"
EndProject
Project("{2150E333-8FDC-42A3-9474-1A3956D46DE8}") = "Services", "Services", "{D2D62E3C-CFE7-4781-8969-C7B4A149218B}"
EndProject
Project("{2150E333-8FDC-42A3-9474-1A3956D46DE8}") = "Adapters", "Adapters", "{732CC89A-9BCD-464B-ADF9-E6E484BB1E47}"
EndProject
Project("{2150E333-8FDC-42A3-9474-1A3956D46DE8}") = "Tests", "Tests", "{8AE11943-B747-414D-B79E-A39B72587786}"
EndProject
Project("{2150E333-8FDC-42A3-9474-1A3956D46DE8}") = "Host", "Host", "{E8D99F52-6871-4348-B8BC-A64F7AC7BB61}"
EndProject
Project("{FAE04EC0-301F-11D3-BF4B-00C04F79EFBC}") = "NotesWithTags.Services.App.Dep", "NotesWithTags.Services.App.Dep\NotesWithTags.Services.App.Dep.csproj", "{4CC9C91F-7707-4D1F-AB9A-EDAA88DEECD7}"
EndProject
Project("{FAE04EC0-301F-11D3-BF4B-00C04F79EFBC}") = "NotesWithTags.Services.App", "NotesWithTags.Services.App\NotesWithTags.Services.App.csproj", "{FEEA0901-D656-4920-93A3-F17A6FE0E3BF}"
EndProject
Project("{FAE04EC0-301F-11D3-BF4B-00C04F79EFBC}") = "NotesWithTags.Services.App.Int", "NotesWithTags.Services.App.Int\NotesWithTags.Services.App.Int.csproj", "{9410A6E9-89A6-4455-BEAB-88E54D923E7E}"
EndProject
Project("{FAE04EC0-301F-11D3-BF4B-00C04F79EFBC}") = "NotesWithTags.Tests.Unit", "NotesWithTags.Tests.Unit\NotesWithTags.Tests.Unit.csproj", "{38BFD1F4-F6B1-4E1C-A91C-F74A6A8FA07A}"
EndProject
Project("{FAE04EC0-301F-11D3-BF4B-00C04F79EFBC}") = "NotesWithTags.Tests.Integration", "NotesWithTags.Tests.Integration\NotesWithTags.Tests.Integration.csproj", "{BD0BE9FA-42D3-44F0-AC99-E65D14FC1126}"
EndProject
Project("{FAE04EC0-301F-11D3-BF4B-00C04F79EFBC}") = "NotesWithTags.Adapters.Data", "NotesWithTags.Adapters.Data\NotesWithTags.Adapters.Data.csproj", "{EB1B36E6-7E04-4C69-AD5F-21D9CBADA43B}"
EndProject
Global
	GlobalSection(SolutionConfigurationPlatforms) = preSolution
		Debug|Any CPU = Debug|Any CPU
		Release|Any CPU = Release|Any CPU
	EndGlobalSection
	GlobalSection(ProjectConfigurationPlatforms) = postSolution
		{F5177FF8-CA43-4AA4-A62C-37849D2BA2DB}.Debug|Any CPU.ActiveCfg = Debug|Any CPU
		{F5177FF8-CA43-4AA4-A62C-37849D2BA2DB}.Debug|Any CPU.Build.0 = Debug|Any CPU
		{F5177FF8-CA43-4AA4-A62C-37849D2BA2DB}.Release|Any CPU.ActiveCfg = Release|Any CPU
		{F5177FF8-CA43-4AA4-A62C-37849D2BA2DB}.Release|Any CPU.Build.0 = Release|Any CPU
		{4CC9C91F-7707-4D1F-AB9A-EDAA88DEECD7}.Debug|Any CPU.ActiveCfg = Debug|Any CPU
		{4CC9C91F-7707-4D1F-AB9A-EDAA88DEECD7}.Debug|Any CPU.Build.0 = Debug|Any CPU
		{4CC9C91F-7707-4D1F-AB9A-EDAA88DEECD7}.Release|Any CPU.ActiveCfg = Release|Any CPU
		{4CC9C91F-7707-4D1F-AB9A-EDAA88DEECD7}.Release|Any CPU.Build.0 = Release|Any CPU
		{FEEA0901-D656-4920-93A3-F17A6FE0E3BF}.Debug|Any CPU.ActiveCfg = Debug|Any CPU
		{FEEA0901-D656-4920-93A3-F17A6FE0E3BF}.Debug|Any CPU.Build.0 = Debug|Any CPU
		{FEEA0901-D656-4920-93A3-F17A6FE0E3BF}.Release|Any CPU.ActiveCfg = Release|Any CPU
		{FEEA0901-D656-4920-93A3-F17A6FE0E3BF}.Release|Any CPU.Build.0 = Release|Any CPU
		{9410A6E9-89A6-4455-BEAB-88E54D923E7E}.Debug|Any CPU.ActiveCfg = Debug|Any CPU
		{9410A6E9-89A6-4455-BEAB-88E54D923E7E}.Debug|Any CPU.Build.0 = Debug|Any CPU
		{9410A6E9-89A6-4455-BEAB-88E54D923E7E}.Release|Any CPU.ActiveCfg = Release|Any CPU
		{9410A6E9-89A6-4455-BEAB-88E54D923E7E}.Release|Any CPU.Build.0 = Release|Any CPU
		{38BFD1F4-F6B1-4E1C-A91C-F74A6A8FA07A}.Debug|Any CPU.ActiveCfg = Debug|Any CPU
		{38BFD1F4-F6B1-4E1C-A91C-F74A6A8FA07A}.Debug|Any CPU.Build.0 = Debug|Any CPU
		{38BFD1F4-F6B1-4E1C-A91C-F74A6A8FA07A}.Release|Any CPU.ActiveCfg = Release|Any CPU
		{38BFD1F4-F6B1-4E1C-A91C-F74A6A8FA07A}.Release|Any CPU.Build.0 = Release|Any CPU
		{BD0BE9FA-42D3-44F0-AC99-E65D14FC1126}.Debug|Any CPU.ActiveCfg = Debug|Any CPU
		{BD0BE9FA-42D3-44F0-AC99-E65D14FC1126}.Debug|Any CPU.Build.0 = Debug|Any CPU
		{BD0BE9FA-42D3-44F0-AC99-E65D14FC1126}.Release|Any CPU.ActiveCfg = Release|Any CPU
		{BD0BE9FA-42D3-44F0-AC99-E65D14FC1126}.Release|Any CPU.Build.0 = Release|Any CPU
		{EB1B36E6-7E04-4C69-AD5F-21D9CBADA43B}.Debug|Any CPU.ActiveCfg = Debug|Any CPU
		{EB1B36E6-7E04-4C69-AD5F-21D9CBADA43B}.Debug|Any CPU.Build.0 = Debug|Any CPU
		{EB1B36E6-7E04-4C69-AD5F-21D9CBADA43B}.Release|Any CPU.ActiveCfg = Release|Any CPU
		{EB1B36E6-7E04-4C69-AD5F-21D9CBADA43B}.Release|Any CPU.Build.0 = Release|Any CPU
	EndGlobalSection
	GlobalSection(NestedProjects) = preSolution
		{F5177FF8-CA43-4AA4-A62C-37849D2BA2DB} = {E8D99F52-6871-4348-B8BC-A64F7AC7BB61}
		{4CC9C91F-7707-4D1F-AB9A-EDAA88DEECD7} = {D2D62E3C-CFE7-4781-8969-C7B4A149218B}
		{FEEA0901-D656-4920-93A3-F17A6FE0E3BF} = {D2D62E3C-CFE7-4781-8969-C7B4A149218B}
		{9410A6E9-89A6-4455-BEAB-88E54D923E7E} = {D2D62E3C-CFE7-4781-8969-C7B4A149218B}
		{38BFD1F4-F6B1-4E1C-A91C-F74A6A8FA07A} = {8AE11943-B747-414D-B79E-A39B72587786}
		{BD0BE9FA-42D3-44F0-AC99-E65D14FC1126} = {8AE11943-B747-414D-B79E-A39B72587786}
		{EB1B36E6-7E04-4C69-AD5F-21D9CBADA43B} = {732CC89A-9BCD-464B-ADF9-E6E484BB1E47}
	EndGlobalSection
EndGlobal
