
Microsoft Visual Studio Solution File, Format Version 12.00
Project("{FAE04EC0-301F-11D3-BF4B-00C04F79EFBC}") = "NotesWithTags.API", "NotesWithTags.API\NotesWithTags.API.csproj", "{F5177FF8-CA43-4AA4-A62C-37849D2BA2DB}"
EndProject
Global
	GlobalSection(SolutionConfigurationPlatforms) = preSolution
		Debug|Any CPU = Debug|Any CPU
		Release|Any CPU = Release|Any CPU
	EndGlobalSection
	GlobalSection(ProjectConfigurationPlatforms) = postSolution
		{F5177FF8-CA43-4AA4-A62C-37849D2BA2DB}.Debug|Any CPU.ActiveCfg = Debug|Any CPU
		{F5177FF8-CA43-4AA4-A62C-37849D2BA2DB}.Debug|Any CPU.Build.0 = Debug|Any CPU
		{F5177FF8-CA43-4AA4-A62C-37849D2BA2DB}.Release|Any CPU.ActiveCfg = Release|Any CPU
		{F5177FF8-CA43-4AA4-A62C-37849D2BA2DB}.Release|Any CPU.Build.0 = Release|Any CPU
	EndGlobalSection
EndGlobal
